// !$*UTF8*$!
{
	archiveVersion = 1;
	classes = {
	};
	objectVersion = 56;
	objects = {

/* Begin PBXBuildFile section */
		010280D02C21DF3400D57C73 /* NewCardView.swift in Sources */ = {isa = PBXBuildFile; fileRef = 010280CF2C21DF3400D57C73 /* NewCardView.swift */; };
		0135846E2C22B0E10001889E /* MySpaceCardView.swift in Sources */ = {isa = PBXBuildFile; fileRef = 0135846D2C22B0E10001889E /* MySpaceCardView.swift */; };
		013584722C2324370001889E /* LocationManager.swift in Sources */ = {isa = PBXBuildFile; fileRef = 013584712C2324370001889E /* LocationManager.swift */; };
		015CDCA02C1B462800DE28F0 /* SpaceData.swift in Sources */ = {isa = PBXBuildFile; fileRef = 015CDC9F2C1B462700DE28F0 /* SpaceData.swift */; };
		015CDCA42C1C0A8000DE28F0 /* CommentPopupView.swift in Sources */ = {isa = PBXBuildFile; fileRef = 015CDCA32C1C0A8000DE28F0 /* CommentPopupView.swift */; };
		01864F3E2C3198FB00735A7B /* UIView+Snapshot.swift in Sources */ = {isa = PBXBuildFile; fileRef = 01864F3D2C3198FB00735A7B /* UIView+Snapshot.swift */; };
		01864F402C31999D00735A7B /* View+Snapshot.swift in Sources */ = {isa = PBXBuildFile; fileRef = 01864F3F2C31999D00735A7B /* View+Snapshot.swift */; };
		01864F422C319A8F00735A7B /* UIImage+Resize.swift in Sources */ = {isa = PBXBuildFile; fileRef = 01864F412C319A8F00735A7B /* UIImage+Resize.swift */; };
		019062742C1AE0A500D89653 /* MyRaumApp.swift in Sources */ = {isa = PBXBuildFile; fileRef = 019062732C1AE0A500D89653 /* MyRaumApp.swift */; };
		019062762C1AE0A500D89653 /* ContentView.swift in Sources */ = {isa = PBXBuildFile; fileRef = 019062752C1AE0A500D89653 /* ContentView.swift */; };
		0190627A2C1AE0A600D89653 /* Assets.xcassets in Resources */ = {isa = PBXBuildFile; fileRef = 019062792C1AE0A600D89653 /* Assets.xcassets */; };
		0190627D2C1AE0A600D89653 /* Preview Assets.xcassets in Resources */ = {isa = PBXBuildFile; fileRef = 0190627C2C1AE0A600D89653 /* Preview Assets.xcassets */; };
		019062862C1AE25E00D89653 /* RoomPlanView.swift in Sources */ = {isa = PBXBuildFile; fileRef = 019062852C1AE25E00D89653 /* RoomPlanView.swift */; };
		019062892C1AE2B500D89653 /* RoomController.swift in Sources */ = {isa = PBXBuildFile; fileRef = 019062882C1AE2B500D89653 /* RoomController.swift */; };
		0190628B2C1AE2E300D89653 /* UnsupportedDeviceView.swift in Sources */ = {isa = PBXBuildFile; fileRef = 0190628A2C1AE2E300D89653 /* UnsupportedDeviceView.swift */; };
		0190628D2C1AE6E600D89653 /* MySpacesView.swift in Sources */ = {isa = PBXBuildFile; fileRef = 0190628C2C1AE6E600D89653 /* MySpacesView.swift */; };
		0190628F2C1AE7DA00D89653 /* MySpaceDetailView.swift in Sources */ = {isa = PBXBuildFile; fileRef = 0190628E2C1AE7DA00D89653 /* MySpaceDetailView.swift */; };
		019062912C1AF0F400D89653 /* MySpaceCellView.swift in Sources */ = {isa = PBXBuildFile; fileRef = 019062902C1AF0F400D89653 /* MySpaceCellView.swift */; };
		01D9022A2C44F13F00BF4264 /* InfoView.swift in Sources */ = {isa = PBXBuildFile; fileRef = 01D902292C44F13F00BF4264 /* InfoView.swift */; };
/* End PBXBuildFile section */

/* Begin PBXFileReference section */
		010280CF2C21DF3400D57C73 /* NewCardView.swift */ = {isa = PBXFileReference; lastKnownFileType = sourcecode.swift; path = NewCardView.swift; sourceTree = "<group>"; };
		0135846D2C22B0E10001889E /* MySpaceCardView.swift */ = {isa = PBXFileReference; lastKnownFileType = sourcecode.swift; path = MySpaceCardView.swift; sourceTree = "<group>"; };
		0135846F2C230A2C0001889E /* Info.plist */ = {isa = PBXFileReference; lastKnownFileType = text.plist; path = Info.plist; sourceTree = "<group>"; };
		013584712C2324370001889E /* LocationManager.swift */ = {isa = PBXFileReference; lastKnownFileType = sourcecode.swift; path = LocationManager.swift; sourceTree = "<group>"; };
		015CDC9F2C1B462700DE28F0 /* SpaceData.swift */ = {isa = PBXFileReference; lastKnownFileType = sourcecode.swift; path = SpaceData.swift; sourceTree = "<group>"; };
		015CDCA32C1C0A8000DE28F0 /* CommentPopupView.swift */ = {isa = PBXFileReference; lastKnownFileType = sourcecode.swift; path = CommentPopupView.swift; sourceTree = "<group>"; };
		01864F3D2C3198FB00735A7B /* UIView+Snapshot.swift */ = {isa = PBXFileReference; lastKnownFileType = sourcecode.swift; path = "UIView+Snapshot.swift"; sourceTree = "<group>"; };
		01864F3F2C31999D00735A7B /* View+Snapshot.swift */ = {isa = PBXFileReference; lastKnownFileType = sourcecode.swift; path = "View+Snapshot.swift"; sourceTree = "<group>"; };
		01864F412C319A8F00735A7B /* UIImage+Resize.swift */ = {isa = PBXFileReference; lastKnownFileType = sourcecode.swift; path = "UIImage+Resize.swift"; sourceTree = "<group>"; };
		019062702C1AE0A500D89653 /* MyRaum.app */ = {isa = PBXFileReference; explicitFileType = wrapper.application; includeInIndex = 0; path = MyRaum.app; sourceTree = BUILT_PRODUCTS_DIR; };
		019062732C1AE0A500D89653 /* MyRaumApp.swift */ = {isa = PBXFileReference; lastKnownFileType = sourcecode.swift; path = MyRaumApp.swift; sourceTree = "<group>"; };
		019062752C1AE0A500D89653 /* ContentView.swift */ = {isa = PBXFileReference; lastKnownFileType = sourcecode.swift; path = ContentView.swift; sourceTree = "<group>"; };
		019062792C1AE0A600D89653 /* Assets.xcassets */ = {isa = PBXFileReference; lastKnownFileType = folder.assetcatalog; path = Assets.xcassets; sourceTree = "<group>"; };
		0190627C2C1AE0A600D89653 /* Preview Assets.xcassets */ = {isa = PBXFileReference; lastKnownFileType = folder.assetcatalog; path = "Preview Assets.xcassets"; sourceTree = "<group>"; };
		019062852C1AE25E00D89653 /* RoomPlanView.swift */ = {isa = PBXFileReference; lastKnownFileType = sourcecode.swift; path = RoomPlanView.swift; sourceTree = "<group>"; };
		019062882C1AE2B500D89653 /* RoomController.swift */ = {isa = PBXFileReference; lastKnownFileType = sourcecode.swift; path = RoomController.swift; sourceTree = "<group>"; };
		0190628A2C1AE2E300D89653 /* UnsupportedDeviceView.swift */ = {isa = PBXFileReference; lastKnownFileType = sourcecode.swift; path = UnsupportedDeviceView.swift; sourceTree = "<group>"; };
		0190628C2C1AE6E600D89653 /* MySpacesView.swift */ = {isa = PBXFileReference; lastKnownFileType = sourcecode.swift; path = MySpacesView.swift; sourceTree = "<group>"; };
		0190628E2C1AE7DA00D89653 /* MySpaceDetailView.swift */ = {isa = PBXFileReference; lastKnownFileType = sourcecode.swift; path = MySpaceDetailView.swift; sourceTree = "<group>"; };
		019062902C1AF0F400D89653 /* MySpaceCellView.swift */ = {isa = PBXFileReference; lastKnownFileType = sourcecode.swift; path = MySpaceCellView.swift; sourceTree = "<group>"; };
		01D902292C44F13F00BF4264 /* InfoView.swift */ = {isa = PBXFileReference; lastKnownFileType = sourcecode.swift; path = InfoView.swift; sourceTree = "<group>"; };
/* End PBXFileReference section */

/* Begin PBXFrameworksBuildPhase section */
		0190626D2C1AE0A500D89653 /* Frameworks */ = {
			isa = PBXFrameworksBuildPhase;
			buildActionMask = 2147483647;
			files = (
			);
			runOnlyForDeploymentPostprocessing = 0;
		};
/* End PBXFrameworksBuildPhase section */

/* Begin PBXGroup section */
		013584702C2324230001889E /* Map */ = {
			isa = PBXGroup;
			children = (
				013584712C2324370001889E /* LocationManager.swift */,
			);
			path = Map;
			sourceTree = "<group>";
		};
		01864F3C2C3198AA00735A7B /* Extension */ = {
			isa = PBXGroup;
			children = (
				01864F3D2C3198FB00735A7B /* UIView+Snapshot.swift */,
				01864F3F2C31999D00735A7B /* View+Snapshot.swift */,
				01864F412C319A8F00735A7B /* UIImage+Resize.swift */,
			);
			path = Extension;
			sourceTree = "<group>";
		};
		019062672C1AE0A500D89653 = {
			isa = PBXGroup;
			children = (
				019062722C1AE0A500D89653 /* MyRaum */,
				019062712C1AE0A500D89653 /* Products */,
			);
			sourceTree = "<group>";
		};
		019062712C1AE0A500D89653 /* Products */ = {
			isa = PBXGroup;
			children = (
				019062702C1AE0A500D89653 /* MyRaum.app */,
			);
			name = Products;
			sourceTree = "<group>";
		};
		019062722C1AE0A500D89653 /* MyRaum */ = {
			isa = PBXGroup;
			children = (
				0135846F2C230A2C0001889E /* Info.plist */,
				019062732C1AE0A500D89653 /* MyRaumApp.swift */,
				01864F3C2C3198AA00735A7B /* Extension */,
				013584702C2324230001889E /* Map */,
				019062832C1AE11700D89653 /* View */,
				019062872C1AE29B00D89653 /* RoomPlan */,
				019062842C1AE11E00D89653 /* Data */,
				019062792C1AE0A600D89653 /* Assets.xcassets */,
				0190627B2C1AE0A600D89653 /* Preview Content */,
			);
			path = MyRaum;
			sourceTree = "<group>";
		};
		0190627B2C1AE0A600D89653 /* Preview Content */ = {
			isa = PBXGroup;
			children = (
				0190627C2C1AE0A600D89653 /* Preview Assets.xcassets */,
			);
			path = "Preview Content";
			sourceTree = "<group>";
		};
		019062832C1AE11700D89653 /* View */ = {
			isa = PBXGroup;
			children = (
				019062752C1AE0A500D89653 /* ContentView.swift */,
				019062852C1AE25E00D89653 /* RoomPlanView.swift */,
				010280CF2C21DF3400D57C73 /* NewCardView.swift */,
				0190628C2C1AE6E600D89653 /* MySpacesView.swift */,
				0135846D2C22B0E10001889E /* MySpaceCardView.swift */,
				01D902292C44F13F00BF4264 /* InfoView.swift */,
				015CDCA32C1C0A8000DE28F0 /* CommentPopupView.swift */,
				0190628E2C1AE7DA00D89653 /* MySpaceDetailView.swift */,
				019062902C1AF0F400D89653 /* MySpaceCellView.swift */,
				0190628A2C1AE2E300D89653 /* UnsupportedDeviceView.swift */,
			);
			path = View;
			sourceTree = "<group>";
		};
		019062842C1AE11E00D89653 /* Data */ = {
			isa = PBXGroup;
			children = (
				015CDC9F2C1B462700DE28F0 /* SpaceData.swift */,
			);
			path = Data;
			sourceTree = "<group>";
		};
		019062872C1AE29B00D89653 /* RoomPlan */ = {
			isa = PBXGroup;
			children = (
				019062882C1AE2B500D89653 /* RoomController.swift */,
			);
			path = RoomPlan;
			sourceTree = "<group>";
		};
/* End PBXGroup section */

/* Begin PBXNativeTarget section */
		0190626F2C1AE0A500D89653 /* MyRaum */ = {
			isa = PBXNativeTarget;
			buildConfigurationList = 019062802C1AE0A600D89653 /* Build configuration list for PBXNativeTarget "MyRaum" */;
			buildPhases = (
				0190626C2C1AE0A500D89653 /* Sources */,
				0190626D2C1AE0A500D89653 /* Frameworks */,
				0190626E2C1AE0A500D89653 /* Resources */,
			);
			buildRules = (
			);
			dependencies = (
			);
			name = MyRaum;
			productName = MyRaum;
			productReference = 019062702C1AE0A500D89653 /* MyRaum.app */;
			productType = "com.apple.product-type.application";
		};
/* End PBXNativeTarget section */

/* Begin PBXProject section */
		019062682C1AE0A500D89653 /* Project object */ = {
			isa = PBXProject;
			attributes = {
				BuildIndependentTargetsInParallel = 1;
				LastSwiftUpdateCheck = 1540;
				LastUpgradeCheck = 1540;
				TargetAttributes = {
					0190626F2C1AE0A500D89653 = {
						CreatedOnToolsVersion = 15.4;
					};
				};
			};
			buildConfigurationList = 0190626B2C1AE0A500D89653 /* Build configuration list for PBXProject "MyRaum" */;
			compatibilityVersion = "Xcode 14.0";
			developmentRegion = en;
			hasScannedForEncodings = 0;
			knownRegions = (
				en,
				Base,
			);
			mainGroup = 019062672C1AE0A500D89653;
			productRefGroup = 019062712C1AE0A500D89653 /* Products */;
			projectDirPath = "";
			projectRoot = "";
			targets = (
				0190626F2C1AE0A500D89653 /* MyRaum */,
			);
		};
/* End PBXProject section */

/* Begin PBXResourcesBuildPhase section */
		0190626E2C1AE0A500D89653 /* Resources */ = {
			isa = PBXResourcesBuildPhase;
			buildActionMask = 2147483647;
			files = (
				0190627D2C1AE0A600D89653 /* Preview Assets.xcassets in Resources */,
				0190627A2C1AE0A600D89653 /* Assets.xcassets in Resources */,
			);
			runOnlyForDeploymentPostprocessing = 0;
		};
/* End PBXResourcesBuildPhase section */

/* Begin PBXSourcesBuildPhase section */
		0190626C2C1AE0A500D89653 /* Sources */ = {
			isa = PBXSourcesBuildPhase;
			buildActionMask = 2147483647;
			files = (
				010280D02C21DF3400D57C73 /* NewCardView.swift in Sources */,
				0190628B2C1AE2E300D89653 /* UnsupportedDeviceView.swift in Sources */,
				019062862C1AE25E00D89653 /* RoomPlanView.swift in Sources */,
				0190628F2C1AE7DA00D89653 /* MySpaceDetailView.swift in Sources */,
				01D9022A2C44F13F00BF4264 /* InfoView.swift in Sources */,
				019062762C1AE0A500D89653 /* ContentView.swift in Sources */,
				015CDCA02C1B462800DE28F0 /* SpaceData.swift in Sources */,
				01864F3E2C3198FB00735A7B /* UIView+Snapshot.swift in Sources */,
				01864F402C31999D00735A7B /* View+Snapshot.swift in Sources */,
				015CDCA42C1C0A8000DE28F0 /* CommentPopupView.swift in Sources */,
				0135846E2C22B0E10001889E /* MySpaceCardView.swift in Sources */,
				019062892C1AE2B500D89653 /* RoomController.swift in Sources */,
				019062912C1AF0F400D89653 /* MySpaceCellView.swift in Sources */,
				0190628D2C1AE6E600D89653 /* MySpacesView.swift in Sources */,
				01864F422C319A8F00735A7B /* UIImage+Resize.swift in Sources */,
				019062742C1AE0A500D89653 /* MyRaumApp.swift in Sources */,
				013584722C2324370001889E /* LocationManager.swift in Sources */,
			);
			runOnlyForDeploymentPostprocessing = 0;
		};
/* End PBXSourcesBuildPhase section */

/* Begin XCBuildConfiguration section */
		0190627E2C1AE0A600D89653 /* Debug */ = {
			isa = XCBuildConfiguration;
			buildSettings = {
				ALWAYS_SEARCH_USER_PATHS = NO;
				ASSETCATALOG_COMPILER_GENERATE_SWIFT_ASSET_SYMBOL_EXTENSIONS = YES;
				CLANG_ANALYZER_NONNULL = YES;
				CLANG_ANALYZER_NUMBER_OBJECT_CONVERSION = YES_AGGRESSIVE;
				CLANG_CXX_LANGUAGE_STANDARD = "gnu++20";
				CLANG_ENABLE_MODULES = YES;
				CLANG_ENABLE_OBJC_ARC = YES;
				CLANG_ENABLE_OBJC_WEAK = YES;
				CLANG_WARN_BLOCK_CAPTURE_AUTORELEASING = YES;
				CLANG_WARN_BOOL_CONVERSION = YES;
				CLANG_WARN_COMMA = YES;
				CLANG_WARN_CONSTANT_CONVERSION = YES;
				CLANG_WARN_DEPRECATED_OBJC_IMPLEMENTATIONS = YES;
				CLANG_WARN_DIRECT_OBJC_ISA_USAGE = YES_ERROR;
				CLANG_WARN_DOCUMENTATION_COMMENTS = YES;
				CLANG_WARN_EMPTY_BODY = YES;
				CLANG_WARN_ENUM_CONVERSION = YES;
				CLANG_WARN_INFINITE_RECURSION = YES;
				CLANG_WARN_INT_CONVERSION = YES;
				CLANG_WARN_NON_LITERAL_NULL_CONVERSION = YES;
				CLANG_WARN_OBJC_IMPLICIT_RETAIN_SELF = YES;
				CLANG_WARN_OBJC_LITERAL_CONVERSION = YES;
				CLANG_WARN_OBJC_ROOT_CLASS = YES_ERROR;
				CLANG_WARN_QUOTED_INCLUDE_IN_FRAMEWORK_HEADER = YES;
				CLANG_WARN_RANGE_LOOP_ANALYSIS = YES;
				CLANG_WARN_STRICT_PROTOTYPES = YES;
				CLANG_WARN_SUSPICIOUS_MOVE = YES;
				CLANG_WARN_UNGUARDED_AVAILABILITY = YES_AGGRESSIVE;
				CLANG_WARN_UNREACHABLE_CODE = YES;
				CLANG_WARN__DUPLICATE_METHOD_MATCH = YES;
				COPY_PHASE_STRIP = NO;
				DEBUG_INFORMATION_FORMAT = dwarf;
				ENABLE_STRICT_OBJC_MSGSEND = YES;
				ENABLE_TESTABILITY = YES;
				ENABLE_USER_SCRIPT_SANDBOXING = YES;
				GCC_C_LANGUAGE_STANDARD = gnu17;
				GCC_DYNAMIC_NO_PIC = NO;
				GCC_NO_COMMON_BLOCKS = YES;
				GCC_OPTIMIZATION_LEVEL = 0;
				GCC_PREPROCESSOR_DEFINITIONS = (
					"DEBUG=1",
					"$(inherited)",
				);
				GCC_WARN_64_TO_32_BIT_CONVERSION = YES;
				GCC_WARN_ABOUT_RETURN_TYPE = YES_ERROR;
				GCC_WARN_UNDECLARED_SELECTOR = YES;
				GCC_WARN_UNINITIALIZED_AUTOS = YES_AGGRESSIVE;
				GCC_WARN_UNUSED_FUNCTION = YES;
				GCC_WARN_UNUSED_VARIABLE = YES;
				IPHONEOS_DEPLOYMENT_TARGET = 17.5;
				LOCALIZATION_PREFERS_STRING_CATALOGS = YES;
				MTL_ENABLE_DEBUG_INFO = INCLUDE_SOURCE;
				MTL_FAST_MATH = YES;
				ONLY_ACTIVE_ARCH = YES;
				SDKROOT = iphoneos;
				SWIFT_ACTIVE_COMPILATION_CONDITIONS = "DEBUG $(inherited)";
				SWIFT_OPTIMIZATION_LEVEL = "-Onone";
			};
			name = Debug;
		};
		0190627F2C1AE0A600D89653 /* Release */ = {
			isa = XCBuildConfiguration;
			buildSettings = {
				ALWAYS_SEARCH_USER_PATHS = NO;
				ASSETCATALOG_COMPILER_GENERATE_SWIFT_ASSET_SYMBOL_EXTENSIONS = YES;
				CLANG_ANALYZER_NONNULL = YES;
				CLANG_ANALYZER_NUMBER_OBJECT_CONVERSION = YES_AGGRESSIVE;
				CLANG_CXX_LANGUAGE_STANDARD = "gnu++20";
				CLANG_ENABLE_MODULES = YES;
				CLANG_ENABLE_OBJC_ARC = YES;
				CLANG_ENABLE_OBJC_WEAK = YES;
				CLANG_WARN_BLOCK_CAPTURE_AUTORELEASING = YES;
				CLANG_WARN_BOOL_CONVERSION = YES;
				CLANG_WARN_COMMA = YES;
				CLANG_WARN_CONSTANT_CONVERSION = YES;
				CLANG_WARN_DEPRECATED_OBJC_IMPLEMENTATIONS = YES;
				CLANG_WARN_DIRECT_OBJC_ISA_USAGE = YES_ERROR;
				CLANG_WARN_DOCUMENTATION_COMMENTS = YES;
				CLANG_WARN_EMPTY_BODY = YES;
				CLANG_WARN_ENUM_CONVERSION = YES;
				CLANG_WARN_INFINITE_RECURSION = YES;
				CLANG_WARN_INT_CONVERSION = YES;
				CLANG_WARN_NON_LITERAL_NULL_CONVERSION = YES;
				CLANG_WARN_OBJC_IMPLICIT_RETAIN_SELF = YES;
				CLANG_WARN_OBJC_LITERAL_CONVERSION = YES;
				CLANG_WARN_OBJC_ROOT_CLASS = YES_ERROR;
				CLANG_WARN_QUOTED_INCLUDE_IN_FRAMEWORK_HEADER = YES;
				CLANG_WARN_RANGE_LOOP_ANALYSIS = YES;
				CLANG_WARN_STRICT_PROTOTYPES = YES;
				CLANG_WARN_SUSPICIOUS_MOVE = YES;
				CLANG_WARN_UNGUARDED_AVAILABILITY = YES_AGGRESSIVE;
				CLANG_WARN_UNREACHABLE_CODE = YES;
				CLANG_WARN__DUPLICATE_METHOD_MATCH = YES;
				COPY_PHASE_STRIP = NO;
				DEBUG_INFORMATION_FORMAT = "dwarf-with-dsym";
				ENABLE_NS_ASSERTIONS = NO;
				ENABLE_STRICT_OBJC_MSGSEND = YES;
				ENABLE_USER_SCRIPT_SANDBOXING = YES;
				GCC_C_LANGUAGE_STANDARD = gnu17;
				GCC_NO_COMMON_BLOCKS = YES;
				GCC_WARN_64_TO_32_BIT_CONVERSION = YES;
				GCC_WARN_ABOUT_RETURN_TYPE = YES_ERROR;
				GCC_WARN_UNDECLARED_SELECTOR = YES;
				GCC_WARN_UNINITIALIZED_AUTOS = YES_AGGRESSIVE;
				GCC_WARN_UNUSED_FUNCTION = YES;
				GCC_WARN_UNUSED_VARIABLE = YES;
				IPHONEOS_DEPLOYMENT_TARGET = 17.5;
				LOCALIZATION_PREFERS_STRING_CATALOGS = YES;
				MTL_ENABLE_DEBUG_INFO = NO;
				MTL_FAST_MATH = YES;
				SDKROOT = iphoneos;
				SWIFT_COMPILATION_MODE = wholemodule;
				VALIDATE_PRODUCT = YES;
			};
			name = Release;
		};
		019062812C1AE0A600D89653 /* Debug */ = {
			isa = XCBuildConfiguration;
			buildSettings = {
				ASSETCATALOG_COMPILER_APPICON_NAME = AppIcon;
				ASSETCATALOG_COMPILER_GLOBAL_ACCENT_COLOR_NAME = AccentColor;
				CODE_SIGN_STYLE = Automatic;
				CURRENT_PROJECT_VERSION = 1;
				DEVELOPMENT_ASSET_PATHS = "\"MyRaum/Preview Content\"";
				DEVELOPMENT_TEAM = WAC2RPX5HC;
				ENABLE_PREVIEWS = YES;
				GENERATE_INFOPLIST_FILE = YES;
				INFOPLIST_FILE = MyRaum/Info.plist;
				INFOPLIST_KEY_CFBundleDisplayName = "My Raum";
				INFOPLIST_KEY_LSApplicationCategoryType = "public.app-category.lifestyle";
				INFOPLIST_KEY_NSCameraUsageDescription = "This app needs to capture image to show in the app.";
				INFOPLIST_KEY_NSLocationWhenInUseUsageDescription = "This app needs your current location to save cards.";
				INFOPLIST_KEY_NSPhotoLibraryAddUsageDescription = "This app needs to add the image to your album.";
				INFOPLIST_KEY_UIApplicationSceneManifest_Generation = YES;
				INFOPLIST_KEY_UIApplicationSupportsIndirectInputEvents = YES;
				INFOPLIST_KEY_UILaunchScreen_Generation = YES;
				INFOPLIST_KEY_UISupportedInterfaceOrientations = UIInterfaceOrientationPortrait;
				INFOPLIST_KEY_UISupportedInterfaceOrientations_iPad = "UIInterfaceOrientationLandscapeLeft UIInterfaceOrientationLandscapeRight UIInterfaceOrientationPortrait UIInterfaceOrientationPortraitUpsideDown";
				IPHONEOS_DEPLOYMENT_TARGET = 17.0;
				LD_RUNPATH_SEARCH_PATHS = (
					"$(inherited)",
					"@executable_path/Frameworks",
				);
				MARKETING_VERSION = 1.0.0;
				PRODUCT_BUNDLE_IDENTIFIER = io.github.picturehouse.MyRaum;
				PRODUCT_NAME = "$(TARGET_NAME)";
				SUPPORTED_PLATFORMS = "iphoneos iphonesimulator";
				SUPPORTS_MACCATALYST = NO;
				SUPPORTS_MAC_DESIGNED_FOR_IPHONE_IPAD = NO;
				SUPPORTS_XR_DESIGNED_FOR_IPHONE_IPAD = NO;
				SWIFT_EMIT_LOC_STRINGS = YES;
				SWIFT_VERSION = 5.0;
				TARGETED_DEVICE_FAMILY = 1;
			};
			name = Debug;
		};
		019062822C1AE0A600D89653 /* Release */ = {
			isa = XCBuildConfiguration;
			buildSettings = {
				ASSETCATALOG_COMPILER_APPICON_NAME = AppIcon;
				ASSETCATALOG_COMPILER_GLOBAL_ACCENT_COLOR_NAME = AccentColor;
				CODE_SIGN_STYLE = Automatic;
				CURRENT_PROJECT_VERSION = 1;
				DEVELOPMENT_ASSET_PATHS = "\"MyRaum/Preview Content\"";
				DEVELOPMENT_TEAM = WAC2RPX5HC;
				ENABLE_PREVIEWS = YES;
				GENERATE_INFOPLIST_FILE = YES;
				INFOPLIST_FILE = MyRaum/Info.plist;
				INFOPLIST_KEY_CFBundleDisplayName = "My Raum";
				INFOPLIST_KEY_LSApplicationCategoryType = "public.app-category.lifestyle";
				INFOPLIST_KEY_NSCameraUsageDescription = "This app needs to capture image to show in the app.";
				INFOPLIST_KEY_NSLocationWhenInUseUsageDescription = "This app needs your current location to save cards.";
				INFOPLIST_KEY_NSPhotoLibraryAddUsageDescription = "This app needs to add the image to your album.";
				INFOPLIST_KEY_UIApplicationSceneManifest_Generation = YES;
				INFOPLIST_KEY_UIApplicationSupportsIndirectInputEvents = YES;
				INFOPLIST_KEY_UILaunchScreen_Generation = YES;
				INFOPLIST_KEY_UISupportedInterfaceOrientations = UIInterfaceOrientationPortrait;
				INFOPLIST_KEY_UISupportedInterfaceOrientations_iPad = "UIInterfaceOrientationLandscapeLeft UIInterfaceOrientationLandscapeRight UIInterfaceOrientationPortrait UIInterfaceOrientationPortraitUpsideDown";
				IPHONEOS_DEPLOYMENT_TARGET = 17.0;
				LD_RUNPATH_SEARCH_PATHS = (
					"$(inherited)",
					"@executable_path/Frameworks",
				);
				MARKETING_VERSION = 1.0.0;
				PRODUCT_BUNDLE_IDENTIFIER = io.github.picturehouse.MyRaum;
				PRODUCT_NAME = "$(TARGET_NAME)";
				SUPPORTED_PLATFORMS = "iphoneos iphonesimulator";
				SUPPORTS_MACCATALYST = NO;
				SUPPORTS_MAC_DESIGNED_FOR_IPHONE_IPAD = NO;
				SUPPORTS_XR_DESIGNED_FOR_IPHONE_IPAD = NO;
				SWIFT_EMIT_LOC_STRINGS = YES;
				SWIFT_VERSION = 5.0;
				TARGETED_DEVICE_FAMILY = 1;
			};
			name = Release;
		};
/* End XCBuildConfiguration section */

/* Begin XCConfigurationList section */
		0190626B2C1AE0A500D89653 /* Build configuration list for PBXProject "MyRaum" */ = {
			isa = XCConfigurationList;
			buildConfigurations = (
				0190627E2C1AE0A600D89653 /* Debug */,
				0190627F2C1AE0A600D89653 /* Release */,
			);
			defaultConfigurationIsVisible = 0;
			defaultConfigurationName = Release;
		};
		019062802C1AE0A600D89653 /* Build configuration list for PBXNativeTarget "MyRaum" */ = {
			isa = XCConfigurationList;
			buildConfigurations = (
				019062812C1AE0A600D89653 /* Debug */,
				019062822C1AE0A600D89653 /* Release */,
			);
			defaultConfigurationIsVisible = 0;
			defaultConfigurationName = Release;
		};
/* End XCConfigurationList section */
	};
	rootObject = 019062682C1AE0A500D89653 /* Project object */;
}
